<?xml version="1.0" encoding="utf-8"?>
<Project ToolsVersion="4.0" xmlns="http://schemas.microsoft.com/developer/msbuild/2003">
  <ItemGroup>
    <ClCompile Include="src\main.cpp">
      <Filter>Source Files</Filter>
    </ClCompile>
    <ClCompile Include="src\test_qt_thread.cpp">
      <Filter>Source Files</Filter>
    </ClCompile>
    <ClCompile Include="src\test_TaskDispatcher4QtThread.cpp">
      <Filter>Source Files</Filter>
    </ClCompile>
    <ClCompile Include="GeneratedFiles\Debug\moc_TaskDispatcher4QtThread.cpp">
      <Filter>Generated Files</Filter>
    </ClCompile>
  </ItemGroup>
  <ItemGroup>
    <ClInclude Include="src\stdafx.h">
      <Filter>Header Files</Filter>
    </ClInclude>
    <ClInclude Include="src\TestWithQCoreApplication.h">
      <Filter>Header Files</Filter>
    </ClInclude>
  </ItemGroup>
  <ItemGroup>
    <Filter Include="Source Files">
      <UniqueIdentifier>{ae00f74a-ad2d-49b9-bd3a-80acaca6f9ed}</UniqueIdentifier>
    </Filter>
    <Filter Include="Header Files">
      <UniqueIdentifier>{876999a2-497d-45eb-9843-4e56b50b3161}</UniqueIdentifier>
    </Filter>
    <Filter Include="Generated Files">
      <UniqueIdentifier>{71345cdf-8f2b-4a48-a191-2d23a3814811}</UniqueIdentifier>
    </Filter>
    <Filter Include="External Files to Moc">
      <UniqueIdentifier>{70efa476-e8df-495c-a05e-d9630e08a463}</UniqueIdentifier>
    </Filter>
  </ItemGroup>
  <ItemGroup>
    <CustomBuild Include="..\coasync4qt\src\TaskDispatcher4QtThread.h">
      <Filter>External Files to Moc</Filter>
    </CustomBuild>
  </ItemGroup>
</Project>