<?xml version="1.0" encoding="utf-8"?>
<Project ToolsVersion="4.0" xmlns="http://schemas.microsoft.com/developer/msbuild/2003">
  <ItemGroup>
    <ClCompile Include="src\bind2thread.cpp">
      <Filter>Source Files</Filter>
    </ClCompile>
    <ClCompile Include="src\playground.cpp">
      <Filter>Source Files</Filter>
    </ClCompile>
    <ClCompile Include="src\task.cpp">
      <Filter>Source Files</Filter>
    </ClCompile>
    <ClCompile Include="src\TaskDispatcher.cpp">
      <Filter>Source Files</Filter>
    </ClCompile>
    <ClCompile Include="src\tst_at_compile_time.cpp">
      <Filter>Source Files</Filter>
    </ClCompile>
    <ClCompile Include="src\coroutine.cpp">
      <Filter>Source Files</Filter>
    </ClCompile>
  </ItemGroup>
  <ItemGroup>
    <ClInclude Include="src\type_at_pos.h">
      <Filter>Header Files</Filter>
    </ClInclude>
    <ClInclude Include="src\bind2thread.h">
      <Filter>Header Files</Filter>
    </ClInclude>
    <ClInclude Include="src\function_traits.h">
      <Filter>Header Files</Filter>
    </ClInclude>
    <ClInclude Include="src\task.h">
      <Filter>Header Files</Filter>
    </ClInclude>
    <ClInclude Include="src\TaskDispatcher.h">
      <Filter>Header Files</Filter>
    </ClInclude>
    <ClInclude Include="src\taskify.h">
      <Filter>Header Files</Filter>
    </ClInclude>
    <ClInclude Include="src\await.h">
      <Filter>Header Files</Filter>
    </ClInclude>
  </ItemGroup>
  <ItemGroup>
    <Filter Include="Source Files">
      <UniqueIdentifier>{eb268cac-c855-470e-addf-4dfbd06c98fd}</UniqueIdentifier>
    </Filter>
    <Filter Include="Header Files">
      <UniqueIdentifier>{cdcc8ff7-9949-40cb-b63b-8438746b11f8}</UniqueIdentifier>
    </Filter>
  </ItemGroup>
</Project>